
Microsoft Visual Studio Solution File, Format Version 12.00
# Visual Studio Version 17
VisualStudioVersion = 17.5.33627.172
MinimumVisualStudioVersion = 10.0.40219.1
Project("{9A19103F-16F7-4668-BE54-9A1E7A4F7556}") = "Lab6.Infrastructure", "Lab6.Infrastructure\Lab6.Infrastructure.csproj", "{9ABB4D5C-F5D9-45EB-B05A-2612877664C5}"
EndProject
Project("{9A19103F-16F7-4668-BE54-9A1E7A4F7556}") = "Lab6.Server", "Lab6.Server\Lab6.Server.csproj", "{EE52F9F1-48AC-4988-B6F6-0DEB703627AC}"
EndProject
Project("{FAE04EC0-301F-11D3-BF4B-00C04F79EFBC}") = "Lab6.Client", "Lab6.Client\Lab6.Client.csproj", "{40333969-B77A-4F22-86AB-37D8C1BF4884}"
EndProject
Global
	GlobalSection(SolutionConfigurationPlatforms) = preSolution
		Debug|Any CPU = Debug|Any CPU
		Release|Any CPU = Release|Any CPU
	EndGlobalSection
	GlobalSection(ProjectConfigurationPlatforms) = postSolution
		{9ABB4D5C-F5D9-45EB-B05A-2612877664C5}.Debug|Any CPU.ActiveCfg = Debug|Any CPU
		{9ABB4D5C-F5D9-45EB-B05A-2612877664C5}.Debug|Any CPU.Build.0 = Debug|Any CPU
		{9ABB4D5C-F5D9-45EB-B05A-2612877664C5}.Release|Any CPU.ActiveCfg = Release|Any CPU
		{9ABB4D5C-F5D9-45EB-B05A-2612877664C5}.Release|Any CPU.Build.0 = Release|Any CPU
		{EE52F9F1-48AC-4988-B6F6-0DEB703627AC}.Debug|Any CPU.ActiveCfg = Debug|Any CPU
		{EE52F9F1-48AC-4988-B6F6-0DEB703627AC}.Debug|Any CPU.Build.0 = Debug|Any CPU
		{EE52F9F1-48AC-4988-B6F6-0DEB703627AC}.Release|Any CPU.ActiveCfg = Release|Any CPU
		{EE52F9F1-48AC-4988-B6F6-0DEB703627AC}.Release|Any CPU.Build.0 = Release|Any CPU
		{40333969-B77A-4F22-86AB-37D8C1BF4884}.Debug|Any CPU.ActiveCfg = Debug|Any CPU
		{40333969-B77A-4F22-86AB-37D8C1BF4884}.Debug|Any CPU.Build.0 = Debug|Any CPU
		{40333969-B77A-4F22-86AB-37D8C1BF4884}.Release|Any CPU.ActiveCfg = Release|Any CPU
		{40333969-B77A-4F22-86AB-37D8C1BF4884}.Release|Any CPU.Build.0 = Release|Any CPU
	EndGlobalSection
	GlobalSection(SolutionProperties) = preSolution
		HideSolutionNode = FALSE
	EndGlobalSection
	GlobalSection(ExtensibilityGlobals) = postSolution
		SolutionGuid = {D434DEA7-2DCE-4E7B-B6BE-C94540AAA3AD}
	EndGlobalSection
EndGlobal
